
Microsoft Visual Studio Solution File, Format Version 12.00
# Visual Studio Version 17
VisualStudioVersion = 17.5.33530.505
MinimumVisualStudioVersion = 10.0.40219.1
Project("{FAE04EC0-301F-11D3-BF4B-00C04F79EFBC}") = "saude-distante login", "saude-distante login\saude-distante login.csproj", "{86C0A8DB-7D0B-4ECC-800A-DA23E4678044}"
EndProject
Global
	GlobalSection(SolutionConfigurationPlatforms) = preSolution
		Debug|Any CPU = Debug|Any CPU
		Release|Any CPU = Release|Any CPU
	EndGlobalSection
	GlobalSection(ProjectConfigurationPlatforms) = postSolution
		{86C0A8DB-7D0B-4ECC-800A-DA23E4678044}.Debug|Any CPU.ActiveCfg = Debug|Any CPU
		{86C0A8DB-7D0B-4ECC-800A-DA23E4678044}.Debug|Any CPU.Build.0 = Debug|Any CPU
		{86C0A8DB-7D0B-4ECC-800A-DA23E4678044}.Release|Any CPU.ActiveCfg = Release|Any CPU
		{86C0A8DB-7D0B-4ECC-800A-DA23E4678044}.Release|Any CPU.Build.0 = Release|Any CPU
	EndGlobalSection
	GlobalSection(SolutionProperties) = preSolution
		HideSolutionNode = FALSE
	EndGlobalSection
	GlobalSection(ExtensibilityGlobals) = postSolution
		SolutionGuid = {A4DD967A-25C6-4AAF-9DB6-0036766C5480}
	EndGlobalSection
EndGlobal
