
Microsoft Visual Studio Solution File, Format Version 12.00
# Visual Studio Version 16
VisualStudioVersion = 25.0.1705.6
MinimumVisualStudioVersion = 10.0.40219.1
Project("{FAE04EC0-301F-11D3-BF4B-00C04F79EFBC}") = "saude-distante login", "saude-distante login.csproj", "{0C6D9D93-6F4D-47EF-A1B7-247A96AAFB02}"
EndProject
Global
	GlobalSection(SolutionConfigurationPlatforms) = preSolution
		Debug|Any CPU = Debug|Any CPU
		Release|Any CPU = Release|Any CPU
	EndGlobalSection
	GlobalSection(ProjectConfigurationPlatforms) = postSolution
		{0C6D9D93-6F4D-47EF-A1B7-247A96AAFB02}.Debug|Any CPU.ActiveCfg = Debug|Any CPU
		{0C6D9D93-6F4D-47EF-A1B7-247A96AAFB02}.Debug|Any CPU.Build.0 = Debug|Any CPU
		{0C6D9D93-6F4D-47EF-A1B7-247A96AAFB02}.Release|Any CPU.ActiveCfg = Release|Any CPU
		{0C6D9D93-6F4D-47EF-A1B7-247A96AAFB02}.Release|Any CPU.Build.0 = Release|Any CPU
	EndGlobalSection
	GlobalSection(SolutionProperties) = preSolution
		HideSolutionNode = FALSE
	EndGlobalSection
	GlobalSection(ExtensibilityGlobals) = postSolution
		SolutionGuid = {C73D3847-DC1B-4ACE-B2F1-12CB30912299}
	EndGlobalSection
EndGlobal
